// !$*UTF8*$!
{
	archiveVersion = 1;
	classes = {
	};
	objectVersion = 56;
	objects = {

/* Begin PBXBuildFile section */
		577A1B052997ADF8008CA967 /* RulesViewController.swift in Sources */ = {isa = PBXBuildFile; fileRef = 577A1B042997ADF8008CA967 /* RulesViewController.swift */; };
		577A1B072997AED3008CA967 /* LicenseText.swift in Sources */ = {isa = PBXBuildFile; fileRef = 577A1B062997AED3008CA967 /* LicenseText.swift */; };
		57E5EDFC2997B1AA0019253E /* InGameViewController.swift in Sources */ = {isa = PBXBuildFile; fileRef = 57E5EDFB2997B1AA0019253E /* InGameViewController.swift */; };
		57E5EDFE2997B21D0019253E /* QuestionBrain.swift in Sources */ = {isa = PBXBuildFile; fileRef = 57E5EDFD2997B21D0019253E /* QuestionBrain.swift */; };
		57E5EE012997B2970019253E /* AnswerButtonView.swift in Sources */ = {isa = PBXBuildFile; fileRef = 57E5EE002997B2970019253E /* AnswerButtonView.swift */; };
		6ECFD08F2996CC9000105F3D /* ScheduleViewController.swift in Sources */ = {isa = PBXBuildFile; fileRef = 6ECFD08A2996CC8F00105F3D /* ScheduleViewController.swift */; };
		6ECFD0902996CC9000105F3D /* RegistrationViewController.swift in Sources */ = {isa = PBXBuildFile; fileRef = 6ECFD08B2996CC9000105F3D /* RegistrationViewController.swift */; };
		6ECFD0912996CC9000105F3D /* QuestionsModel.swift in Sources */ = {isa = PBXBuildFile; fileRef = 6ECFD08C2996CC9000105F3D /* QuestionsModel.swift */; };
		6ECFD0922996CC9000105F3D /* QuestionsLibrary.swift in Sources */ = {isa = PBXBuildFile; fileRef = 6ECFD08D2996CC9000105F3D /* QuestionsLibrary.swift */; };
		6ECFD0932996CC9000105F3D /* RepeatViewController.swift in Sources */ = {isa = PBXBuildFile; fileRef = 6ECFD08E2996CC9000105F3D /* RepeatViewController.swift */; };
		6ECFD0952996CD3A00105F3D /* Fonts in Resources */ = {isa = PBXBuildFile; fileRef = 6ECFD0942996CD3A00105F3D /* Fonts */; };
		6ECFD0972996CD5A00105F3D /* Extension in Resources */ = {isa = PBXBuildFile; fileRef = 6ECFD0962996CD5A00105F3D /* Extension */; };
		97E9D1AE2996C6E3005B2430 /* ChooseQuestionViewController 2 in Resources */ = {isa = PBXBuildFile; fileRef = 97E9D1AD2996C6E2005B2430 /* ChooseQuestionViewController 2 */; };
		D7CF71FC2996B1F800B00550 /* AppDelegate.swift in Sources */ = {isa = PBXBuildFile; fileRef = D7CF71FB2996B1F800B00550 /* AppDelegate.swift */; };
		D7CF71FE2996B1F800B00550 /* SceneDelegate.swift in Sources */ = {isa = PBXBuildFile; fileRef = D7CF71FD2996B1F800B00550 /* SceneDelegate.swift */; };
		D7CF72052996B1FB00B00550 /* Assets.xcassets in Resources */ = {isa = PBXBuildFile; fileRef = D7CF72042996B1FB00B00550 /* Assets.xcassets */; };
		D7CF72082996B1FB00B00550 /* LaunchScreen.storyboard in Resources */ = {isa = PBXBuildFile; fileRef = D7CF72062996B1FB00B00550 /* LaunchScreen.storyboard */; };
/* End PBXBuildFile section */

/* Begin PBXFileReference section */
		577A1B042997ADF8008CA967 /* RulesViewController.swift */ = {isa = PBXFileReference; lastKnownFileType = sourcecode.swift; path = RulesViewController.swift; sourceTree = "<group>"; };
		577A1B062997AED3008CA967 /* LicenseText.swift */ = {isa = PBXFileReference; lastKnownFileType = sourcecode.swift; path = LicenseText.swift; sourceTree = "<group>"; };
		57E5EDFB2997B1AA0019253E /* InGameViewController.swift */ = {isa = PBXFileReference; lastKnownFileType = sourcecode.swift; path = InGameViewController.swift; sourceTree = "<group>"; };
		57E5EDFD2997B21D0019253E /* QuestionBrain.swift */ = {isa = PBXFileReference; lastKnownFileType = sourcecode.swift; path = QuestionBrain.swift; sourceTree = "<group>"; };
		57E5EE002997B2970019253E /* AnswerButtonView.swift */ = {isa = PBXFileReference; lastKnownFileType = sourcecode.swift; path = AnswerButtonView.swift; sourceTree = "<group>"; };
		6ECFD08A2996CC8F00105F3D /* ScheduleViewController.swift */ = {isa = PBXFileReference; fileEncoding = 4; lastKnownFileType = sourcecode.swift; path = ScheduleViewController.swift; sourceTree = "<group>"; };
		6ECFD08B2996CC9000105F3D /* RegistrationViewController.swift */ = {isa = PBXFileReference; fileEncoding = 4; lastKnownFileType = sourcecode.swift; path = RegistrationViewController.swift; sourceTree = "<group>"; };
		6ECFD08C2996CC9000105F3D /* QuestionsModel.swift */ = {isa = PBXFileReference; fileEncoding = 4; lastKnownFileType = sourcecode.swift; path = QuestionsModel.swift; sourceTree = "<group>"; };
		6ECFD08D2996CC9000105F3D /* QuestionsLibrary.swift */ = {isa = PBXFileReference; fileEncoding = 4; lastKnownFileType = sourcecode.swift; path = QuestionsLibrary.swift; sourceTree = "<group>"; };
		6ECFD08E2996CC9000105F3D /* RepeatViewController.swift */ = {isa = PBXFileReference; fileEncoding = 4; lastKnownFileType = sourcecode.swift; path = RepeatViewController.swift; sourceTree = "<group>"; };
		6ECFD0942996CD3A00105F3D /* Fonts */ = {isa = PBXFileReference; lastKnownFileType = folder; path = Fonts; sourceTree = "<group>"; };
		6ECFD0962996CD5A00105F3D /* Extension */ = {isa = PBXFileReference; lastKnownFileType = folder; path = Extension; sourceTree = "<group>"; };
		97E9D1AD2996C6E2005B2430 /* ChooseQuestionViewController 2 */ = {isa = PBXFileReference; lastKnownFileType = folder; path = "ChooseQuestionViewController 2"; sourceTree = "<group>"; };
		D7CF71F82996B1F800B00550 /* Who-Wants-to-Be-a-Millionaire.app */ = {isa = PBXFileReference; explicitFileType = wrapper.application; includeInIndex = 0; path = "Who-Wants-to-Be-a-Millionaire.app"; sourceTree = BUILT_PRODUCTS_DIR; };
		D7CF71FB2996B1F800B00550 /* AppDelegate.swift */ = {isa = PBXFileReference; lastKnownFileType = sourcecode.swift; path = AppDelegate.swift; sourceTree = "<group>"; };
		D7CF71FD2996B1F800B00550 /* SceneDelegate.swift */ = {isa = PBXFileReference; lastKnownFileType = sourcecode.swift; path = SceneDelegate.swift; sourceTree = "<group>"; };
		D7CF72042996B1FB00B00550 /* Assets.xcassets */ = {isa = PBXFileReference; lastKnownFileType = folder.assetcatalog; path = Assets.xcassets; sourceTree = "<group>"; };
		D7CF72072996B1FB00B00550 /* Base */ = {isa = PBXFileReference; lastKnownFileType = file.storyboard; name = Base; path = Base.lproj/LaunchScreen.storyboard; sourceTree = "<group>"; };
		D7CF72092996B1FB00B00550 /* Info.plist */ = {isa = PBXFileReference; lastKnownFileType = text.plist.xml; path = Info.plist; sourceTree = "<group>"; };
/* End PBXFileReference section */

/* Begin PBXFrameworksBuildPhase section */
		D7CF71F52996B1F800B00550 /* Frameworks */ = {
			isa = PBXFrameworksBuildPhase;
			buildActionMask = 2147483647;
			files = (
			);
			runOnlyForDeploymentPostprocessing = 0;
		};
/* End PBXFrameworksBuildPhase section */

/* Begin PBXGroup section */
		577A1B002997AD00008CA967 /* ViewControllers */ = {
			isa = PBXGroup;
			children = (
				57E5EDFF2997B2740019253E /* InGameViews */,
				97E9D1AD2996C6E2005B2430 /* ChooseQuestionViewController 2 */,
				6ECFD08B2996CC9000105F3D /* RegistrationViewController.swift */,
				6ECFD08E2996CC9000105F3D /* RepeatViewController.swift */,
				6ECFD08A2996CC8F00105F3D /* ScheduleViewController.swift */,
				577A1B042997ADF8008CA967 /* RulesViewController.swift */,
			);
			path = ViewControllers;
			sourceTree = "<group>";
		};
		577A1B012997AD27008CA967 /* Models */ = {
			isa = PBXGroup;
			children = (
				6ECFD08C2996CC9000105F3D /* QuestionsModel.swift */,
				57E5EDFD2997B21D0019253E /* QuestionBrain.swift */,
			);
			path = Models;
			sourceTree = "<group>";
		};
		577A1B022997AD6F008CA967 /* Storage */ = {
			isa = PBXGroup;
			children = (
				6ECFD08D2996CC9000105F3D /* QuestionsLibrary.swift */,
				577A1B062997AED3008CA967 /* LicenseText.swift */,
			);
			path = Storage;
			sourceTree = "<group>";
		};
		577A1B032997ADAF008CA967 /* SuportingFiles */ = {
			isa = PBXGroup;
			children = (
				D7CF72062996B1FB00B00550 /* LaunchScreen.storyboard */,
				D7CF72042996B1FB00B00550 /* Assets.xcassets */,
				D7CF71FD2996B1F800B00550 /* SceneDelegate.swift */,
				D7CF72092996B1FB00B00550 /* Info.plist */,
				D7CF71FB2996B1F800B00550 /* AppDelegate.swift */,
			);
			path = SuportingFiles;
			sourceTree = "<group>";
		};
		57E5EDFF2997B2740019253E /* InGameViews */ = {
			isa = PBXGroup;
			children = (
				57E5EDFB2997B1AA0019253E /* InGameViewController.swift */,
				57E5EE002997B2970019253E /* AnswerButtonView.swift */,
			);
			path = InGameViews;
			sourceTree = "<group>";
		};
		D7CF71EF2996B1F700B00550 = {
			isa = PBXGroup;
			children = (
				D7CF71FA2996B1F800B00550 /* Who-Wants-to-Be-a-Millionaire */,
				D7CF71F92996B1F800B00550 /* Products */,
			);
			sourceTree = "<group>";
		};
		D7CF71F92996B1F800B00550 /* Products */ = {
			isa = PBXGroup;
			children = (
				D7CF71F82996B1F800B00550 /* Who-Wants-to-Be-a-Millionaire.app */,
			);
			name = Products;
			sourceTree = "<group>";
		};
		D7CF71FA2996B1F800B00550 /* Who-Wants-to-Be-a-Millionaire */ = {
			isa = PBXGroup;
			children = (
				577A1B032997ADAF008CA967 /* SuportingFiles */,
				577A1B022997AD6F008CA967 /* Storage */,
				577A1B002997AD00008CA967 /* ViewControllers */,
				577A1B012997AD27008CA967 /* Models */,
				6ECFD0962996CD5A00105F3D /* Extension */,
				6ECFD0942996CD3A00105F3D /* Fonts */,
			);
			path = "Who-Wants-to-Be-a-Millionaire";
			sourceTree = "<group>";
		};
/* End PBXGroup section */

/* Begin PBXNativeTarget section */
		D7CF71F72996B1F800B00550 /* Who-Wants-to-Be-a-Millionaire */ = {
			isa = PBXNativeTarget;
			buildConfigurationList = D7CF720C2996B1FB00B00550 /* Build configuration list for PBXNativeTarget "Who-Wants-to-Be-a-Millionaire" */;
			buildPhases = (
				D7CF71F42996B1F800B00550 /* Sources */,
				D7CF71F52996B1F800B00550 /* Frameworks */,
				D7CF71F62996B1F800B00550 /* Resources */,
			);
			buildRules = (
			);
			dependencies = (
			);
			name = "Who-Wants-to-Be-a-Millionaire";
			productName = "Who-Wants-to-Be-a-Millionaire";
			productReference = D7CF71F82996B1F800B00550 /* Who-Wants-to-Be-a-Millionaire.app */;
			productType = "com.apple.product-type.application";
		};
/* End PBXNativeTarget section */

/* Begin PBXProject section */
		D7CF71F02996B1F700B00550 /* Project object */ = {
			isa = PBXProject;
			attributes = {
				BuildIndependentTargetsInParallel = 1;
				LastSwiftUpdateCheck = 1400;
				LastUpgradeCheck = 1400;
				TargetAttributes = {
					D7CF71F72996B1F800B00550 = {
						CreatedOnToolsVersion = 14.0.1;
					};
				};
			};
			buildConfigurationList = D7CF71F32996B1F700B00550 /* Build configuration list for PBXProject "Who-Wants-to-Be-a-Millionaire" */;
			compatibilityVersion = "Xcode 14.0";
			developmentRegion = en;
			hasScannedForEncodings = 0;
			knownRegions = (
				en,
				Base,
			);
			mainGroup = D7CF71EF2996B1F700B00550;
			productRefGroup = D7CF71F92996B1F800B00550 /* Products */;
			projectDirPath = "";
			projectRoot = "";
			targets = (
				D7CF71F72996B1F800B00550 /* Who-Wants-to-Be-a-Millionaire */,
			);
		};
/* End PBXProject section */

/* Begin PBXResourcesBuildPhase section */
		D7CF71F62996B1F800B00550 /* Resources */ = {
			isa = PBXResourcesBuildPhase;
			buildActionMask = 2147483647;
			files = (
				6ECFD0952996CD3A00105F3D /* Fonts in Resources */,
				97E9D1AE2996C6E3005B2430 /* ChooseQuestionViewController 2 in Resources */,
				D7CF72082996B1FB00B00550 /* LaunchScreen.storyboard in Resources */,
				D7CF72052996B1FB00B00550 /* Assets.xcassets in Resources */,
				6ECFD0972996CD5A00105F3D /* Extension in Resources */,
			);
			runOnlyForDeploymentPostprocessing = 0;
		};
/* End PBXResourcesBuildPhase section */

/* Begin PBXSourcesBuildPhase section */
		D7CF71F42996B1F800B00550 /* Sources */ = {
			isa = PBXSourcesBuildPhase;
			buildActionMask = 2147483647;
			files = (
				57E5EE012997B2970019253E /* AnswerButtonView.swift in Sources */,
				D7CF71FC2996B1F800B00550 /* AppDelegate.swift in Sources */,
				D7CF71FE2996B1F800B00550 /* SceneDelegate.swift in Sources */,
				57E5EDFE2997B21D0019253E /* QuestionBrain.swift in Sources */,
				6ECFD0912996CC9000105F3D /* QuestionsModel.swift in Sources */,
				6ECFD0922996CC9000105F3D /* QuestionsLibrary.swift in Sources */,
				577A1B072997AED3008CA967 /* LicenseText.swift in Sources */,
				57E5EDFC2997B1AA0019253E /* InGameViewController.swift in Sources */,
				6ECFD0932996CC9000105F3D /* RepeatViewController.swift in Sources */,
				6ECFD08F2996CC9000105F3D /* ScheduleViewController.swift in Sources */,
				577A1B052997ADF8008CA967 /* RulesViewController.swift in Sources */,
				6ECFD0902996CC9000105F3D /* RegistrationViewController.swift in Sources */,
			);
			runOnlyForDeploymentPostprocessing = 0;
		};
/* End PBXSourcesBuildPhase section */

/* Begin PBXVariantGroup section */
		D7CF72062996B1FB00B00550 /* LaunchScreen.storyboard */ = {
			isa = PBXVariantGroup;
			children = (
				D7CF72072996B1FB00B00550 /* Base */,
			);
			name = LaunchScreen.storyboard;
			sourceTree = "<group>";
		};
/* End PBXVariantGroup section */

/* Begin XCBuildConfiguration section */
		D7CF720A2996B1FB00B00550 /* Debug */ = {
			isa = XCBuildConfiguration;
			buildSettings = {
				ALWAYS_SEARCH_USER_PATHS = NO;
				CLANG_ANALYZER_NONNULL = YES;
				CLANG_ANALYZER_NUMBER_OBJECT_CONVERSION = YES_AGGRESSIVE;
				CLANG_CXX_LANGUAGE_STANDARD = "gnu++20";
				CLANG_ENABLE_MODULES = YES;
				CLANG_ENABLE_OBJC_ARC = YES;
				CLANG_ENABLE_OBJC_WEAK = YES;
				CLANG_WARN_BLOCK_CAPTURE_AUTORELEASING = YES;
				CLANG_WARN_BOOL_CONVERSION = YES;
				CLANG_WARN_COMMA = YES;
				CLANG_WARN_CONSTANT_CONVERSION = YES;
				CLANG_WARN_DEPRECATED_OBJC_IMPLEMENTATIONS = YES;
				CLANG_WARN_DIRECT_OBJC_ISA_USAGE = YES_ERROR;
				CLANG_WARN_DOCUMENTATION_COMMENTS = YES;
				CLANG_WARN_EMPTY_BODY = YES;
				CLANG_WARN_ENUM_CONVERSION = YES;
				CLANG_WARN_INFINITE_RECURSION = YES;
				CLANG_WARN_INT_CONVERSION = YES;
				CLANG_WARN_NON_LITERAL_NULL_CONVERSION = YES;
				CLANG_WARN_OBJC_IMPLICIT_RETAIN_SELF = YES;
				CLANG_WARN_OBJC_LITERAL_CONVERSION = YES;
				CLANG_WARN_OBJC_ROOT_CLASS = YES_ERROR;
				CLANG_WARN_QUOTED_INCLUDE_IN_FRAMEWORK_HEADER = YES;
				CLANG_WARN_RANGE_LOOP_ANALYSIS = YES;
				CLANG_WARN_STRICT_PROTOTYPES = YES;
				CLANG_WARN_SUSPICIOUS_MOVE = YES;
				CLANG_WARN_UNGUARDED_AVAILABILITY = YES_AGGRESSIVE;
				CLANG_WARN_UNREACHABLE_CODE = YES;
				CLANG_WARN__DUPLICATE_METHOD_MATCH = YES;
				COPY_PHASE_STRIP = NO;
				DEBUG_INFORMATION_FORMAT = dwarf;
				ENABLE_STRICT_OBJC_MSGSEND = YES;
				ENABLE_TESTABILITY = YES;
				GCC_C_LANGUAGE_STANDARD = gnu11;
				GCC_DYNAMIC_NO_PIC = NO;
				GCC_NO_COMMON_BLOCKS = YES;
				GCC_OPTIMIZATION_LEVEL = 0;
				GCC_PREPROCESSOR_DEFINITIONS = (
					"DEBUG=1",
					"$(inherited)",
				);
				GCC_WARN_64_TO_32_BIT_CONVERSION = YES;
				GCC_WARN_ABOUT_RETURN_TYPE = YES_ERROR;
				GCC_WARN_UNDECLARED_SELECTOR = YES;
				GCC_WARN_UNINITIALIZED_AUTOS = YES_AGGRESSIVE;
				GCC_WARN_UNUSED_FUNCTION = YES;
				GCC_WARN_UNUSED_VARIABLE = YES;
				IPHONEOS_DEPLOYMENT_TARGET = 16.0;
				MTL_ENABLE_DEBUG_INFO = INCLUDE_SOURCE;
				MTL_FAST_MATH = YES;
				ONLY_ACTIVE_ARCH = YES;
				SDKROOT = iphoneos;
				SWIFT_ACTIVE_COMPILATION_CONDITIONS = DEBUG;
				SWIFT_OPTIMIZATION_LEVEL = "-Onone";
			};
			name = Debug;
		};
		D7CF720B2996B1FB00B00550 /* Release */ = {
			isa = XCBuildConfiguration;
			buildSettings = {
				ALWAYS_SEARCH_USER_PATHS = NO;
				CLANG_ANALYZER_NONNULL = YES;
				CLANG_ANALYZER_NUMBER_OBJECT_CONVERSION = YES_AGGRESSIVE;
				CLANG_CXX_LANGUAGE_STANDARD = "gnu++20";
				CLANG_ENABLE_MODULES = YES;
				CLANG_ENABLE_OBJC_ARC = YES;
				CLANG_ENABLE_OBJC_WEAK = YES;
				CLANG_WARN_BLOCK_CAPTURE_AUTORELEASING = YES;
				CLANG_WARN_BOOL_CONVERSION = YES;
				CLANG_WARN_COMMA = YES;
				CLANG_WARN_CONSTANT_CONVERSION = YES;
				CLANG_WARN_DEPRECATED_OBJC_IMPLEMENTATIONS = YES;
				CLANG_WARN_DIRECT_OBJC_ISA_USAGE = YES_ERROR;
				CLANG_WARN_DOCUMENTATION_COMMENTS = YES;
				CLANG_WARN_EMPTY_BODY = YES;
				CLANG_WARN_ENUM_CONVERSION = YES;
				CLANG_WARN_INFINITE_RECURSION = YES;
				CLANG_WARN_INT_CONVERSION = YES;
				CLANG_WARN_NON_LITERAL_NULL_CONVERSION = YES;
				CLANG_WARN_OBJC_IMPLICIT_RETAIN_SELF = YES;
				CLANG_WARN_OBJC_LITERAL_CONVERSION = YES;
				CLANG_WARN_OBJC_ROOT_CLASS = YES_ERROR;
				CLANG_WARN_QUOTED_INCLUDE_IN_FRAMEWORK_HEADER = YES;
				CLANG_WARN_RANGE_LOOP_ANALYSIS = YES;
				CLANG_WARN_STRICT_PROTOTYPES = YES;
				CLANG_WARN_SUSPICIOUS_MOVE = YES;
				CLANG_WARN_UNGUARDED_AVAILABILITY = YES_AGGRESSIVE;
				CLANG_WARN_UNREACHABLE_CODE = YES;
				CLANG_WARN__DUPLICATE_METHOD_MATCH = YES;
				COPY_PHASE_STRIP = NO;
				DEBUG_INFORMATION_FORMAT = "dwarf-with-dsym";
				ENABLE_NS_ASSERTIONS = NO;
				ENABLE_STRICT_OBJC_MSGSEND = YES;
				GCC_C_LANGUAGE_STANDARD = gnu11;
				GCC_NO_COMMON_BLOCKS = YES;
				GCC_WARN_64_TO_32_BIT_CONVERSION = YES;
				GCC_WARN_ABOUT_RETURN_TYPE = YES_ERROR;
				GCC_WARN_UNDECLARED_SELECTOR = YES;
				GCC_WARN_UNINITIALIZED_AUTOS = YES_AGGRESSIVE;
				GCC_WARN_UNUSED_FUNCTION = YES;
				GCC_WARN_UNUSED_VARIABLE = YES;
				IPHONEOS_DEPLOYMENT_TARGET = 16.0;
				MTL_ENABLE_DEBUG_INFO = NO;
				MTL_FAST_MATH = YES;
				SDKROOT = iphoneos;
				SWIFT_COMPILATION_MODE = wholemodule;
				SWIFT_OPTIMIZATION_LEVEL = "-O";
				VALIDATE_PRODUCT = YES;
			};
			name = Release;
		};
		D7CF720D2996B1FB00B00550 /* Debug */ = {
			isa = XCBuildConfiguration;
			buildSettings = {
				ASSETCATALOG_COMPILER_APPICON_NAME = AppIcon;
				ASSETCATALOG_COMPILER_GLOBAL_ACCENT_COLOR_NAME = AccentColor;
				CODE_SIGN_STYLE = Automatic;
				CURRENT_PROJECT_VERSION = 1;
				DEVELOPMENT_TEAM = Q6CQH2T6SR;
				GENERATE_INFOPLIST_FILE = YES;
				INFOPLIST_FILE = "Who-Wants-to-Be-a-Millionaire/Info.plist";
				INFOPLIST_KEY_UIApplicationSupportsIndirectInputEvents = YES;
				INFOPLIST_KEY_UILaunchStoryboardName = LaunchScreen;
				INFOPLIST_KEY_UIMainStoryboardFile = Main;
				INFOPLIST_KEY_UISupportedInterfaceOrientations = UIInterfaceOrientationPortrait;
				INFOPLIST_KEY_UISupportedInterfaceOrientations_iPad = "UIInterfaceOrientationLandscapeLeft UIInterfaceOrientationLandscapeRight UIInterfaceOrientationPortrait UIInterfaceOrientationPortraitUpsideDown";
				IPHONEOS_DEPLOYMENT_TARGET = 13.0;
				LD_RUNPATH_SEARCH_PATHS = (
					"$(inherited)",
					"@executable_path/Frameworks",
				);
				MARKETING_VERSION = 1.0;
				PRODUCT_BUNDLE_IDENTIFIER = "com.pet.Who-Wants-to-Be-a-Millionaire";
				PRODUCT_NAME = "$(TARGET_NAME)";
				SUPPORTED_PLATFORMS = "iphoneos iphonesimulator";
				SUPPORTS_MACCATALYST = NO;
				SUPPORTS_MAC_DESIGNED_FOR_IPHONE_IPAD = NO;
				SWIFT_EMIT_LOC_STRINGS = YES;
				SWIFT_VERSION = 5.0;
				TARGETED_DEVICE_FAMILY = 1;
			};
			name = Debug;
		};
		D7CF720E2996B1FB00B00550 /* Release */ = {
			isa = XCBuildConfiguration;
			buildSettings = {
				ASSETCATALOG_COMPILER_APPICON_NAME = AppIcon;
				ASSETCATALOG_COMPILER_GLOBAL_ACCENT_COLOR_NAME = AccentColor;
				CODE_SIGN_STYLE = Automatic;
				CURRENT_PROJECT_VERSION = 1;
				DEVELOPMENT_TEAM = Q6CQH2T6SR;
				GENERATE_INFOPLIST_FILE = YES;
				INFOPLIST_FILE = "Who-Wants-to-Be-a-Millionaire/Info.plist";
				INFOPLIST_KEY_UIApplicationSupportsIndirectInputEvents = YES;
				INFOPLIST_KEY_UILaunchStoryboardName = LaunchScreen;
				INFOPLIST_KEY_UIMainStoryboardFile = Main;
				INFOPLIST_KEY_UISupportedInterfaceOrientations = UIInterfaceOrientationPortrait;
				INFOPLIST_KEY_UISupportedInterfaceOrientations_iPad = "UIInterfaceOrientationLandscapeLeft UIInterfaceOrientationLandscapeRight UIInterfaceOrientationPortrait UIInterfaceOrientationPortraitUpsideDown";
				IPHONEOS_DEPLOYMENT_TARGET = 13.0;
				LD_RUNPATH_SEARCH_PATHS = (
					"$(inherited)",
					"@executable_path/Frameworks",
				);
				MARKETING_VERSION = 1.0;
				PRODUCT_BUNDLE_IDENTIFIER = "com.pet.Who-Wants-to-Be-a-Millionaire";
				PRODUCT_NAME = "$(TARGET_NAME)";
				SUPPORTED_PLATFORMS = "iphoneos iphonesimulator";
				SUPPORTS_MACCATALYST = NO;
				SUPPORTS_MAC_DESIGNED_FOR_IPHONE_IPAD = NO;
				SWIFT_EMIT_LOC_STRINGS = YES;
				SWIFT_VERSION = 5.0;
				TARGETED_DEVICE_FAMILY = 1;
			};
			name = Release;
		};
/* End XCBuildConfiguration section */

/* Begin XCConfigurationList section */
		D7CF71F32996B1F700B00550 /* Build configuration list for PBXProject "Who-Wants-to-Be-a-Millionaire" */ = {
			isa = XCConfigurationList;
			buildConfigurations = (
				D7CF720A2996B1FB00B00550 /* Debug */,
				D7CF720B2996B1FB00B00550 /* Release */,
			);
			defaultConfigurationIsVisible = 0;
			defaultConfigurationName = Release;
		};
		D7CF720C2996B1FB00B00550 /* Build configuration list for PBXNativeTarget "Who-Wants-to-Be-a-Millionaire" */ = {
			isa = XCConfigurationList;
			buildConfigurations = (
				D7CF720D2996B1FB00B00550 /* Debug */,
				D7CF720E2996B1FB00B00550 /* Release */,
			);
			defaultConfigurationIsVisible = 0;
			defaultConfigurationName = Release;
		};
/* End XCConfigurationList section */
	};
	rootObject = D7CF71F02996B1F700B00550 /* Project object */;
}
